
Microsoft Visual Studio Solution File, Format Version 12.00
# Visual Studio Version 17
VisualStudioVersion = 17.4.33213.308
MinimumVisualStudioVersion = 10.0.40219.1
Project("{FAE04EC0-301F-11D3-BF4B-00C04F79EFBC}") = "Lesson", "Lesson\Lesson.csproj", "{D524795E-886A-408A-86B5-597776C0EC94}"
EndProject
Project("{FAE04EC0-301F-11D3-BF4B-00C04F79EFBC}") = "Tasks", "Tasks\Tasks.csproj", "{4BC63ED7-2086-417D-849A-64D6FF44B786}"
EndProject
Global
	GlobalSection(SolutionConfigurationPlatforms) = preSolution
		Debug|Any CPU = Debug|Any CPU
		Release|Any CPU = Release|Any CPU
	EndGlobalSection
	GlobalSection(ProjectConfigurationPlatforms) = postSolution
		{D524795E-886A-408A-86B5-597776C0EC94}.Debug|Any CPU.ActiveCfg = Debug|Any CPU
		{D524795E-886A-408A-86B5-597776C0EC94}.Debug|Any CPU.Build.0 = Debug|Any CPU
		{D524795E-886A-408A-86B5-597776C0EC94}.Release|Any CPU.ActiveCfg = Release|Any CPU
		{D524795E-886A-408A-86B5-597776C0EC94}.Release|Any CPU.Build.0 = Release|Any CPU
		{4BC63ED7-2086-417D-849A-64D6FF44B786}.Debug|Any CPU.ActiveCfg = Debug|Any CPU
		{4BC63ED7-2086-417D-849A-64D6FF44B786}.Debug|Any CPU.Build.0 = Debug|Any CPU
		{4BC63ED7-2086-417D-849A-64D6FF44B786}.Release|Any CPU.ActiveCfg = Release|Any CPU
		{4BC63ED7-2086-417D-849A-64D6FF44B786}.Release|Any CPU.Build.0 = Release|Any CPU
	EndGlobalSection
	GlobalSection(SolutionProperties) = preSolution
		HideSolutionNode = FALSE
	EndGlobalSection
	GlobalSection(ExtensibilityGlobals) = postSolution
		SolutionGuid = {46D84492-0670-4659-A650-908CF5C9F07D}
	EndGlobalSection
EndGlobal
